{
  "pins" : [
    {
      "identity" : "artinstitutechicagonetworking",
      "kind" : "remoteSourceControl",
      "location" : "https://github.com/denisKk/ArtInstituteChicagoNetworking.git",
      "state" : {
        "branch" : "main",
        "revision" : "6ae0687f6147cc654c4dc375c3b8bf08afd818a3"
      }
    },
    {
      "identity" : "clevelandmuseumnetworking",
      "kind" : "remoteSourceControl",
      "location" : "https://github.com/denisKk/ClevelandMuseumNetworking.git",
      "state" : {
        "branch" : "main",
        "revision" : "a99fdafe6bea0341b9125afc83356a12e6173feb"
      }
    }
  ],
  "version" : 2
}
